
Microsoft Visual Studio Solution File, Format Version 12.00
# Visual Studio Version 17
VisualStudioVersion = 17.4.33122.133
MinimumVisualStudioVersion = 10.0.40219.1
Project("{8BC9CEB8-8B4A-11D0-8D11-00A0C91BC942}") = "Hell'sHall", "Hell'sHall\Hell'sHall.vcxproj", "{F06EAC7B-6996-4E78-B045-0DF6ED201367}"
EndProject
Global
	GlobalSection(SolutionConfigurationPlatforms) = preSolution
		Debug|x64 = Debug|x64
		Debug|x86 = Debug|x86
		Release|x64 = Release|x64
		Release|x86 = Release|x86
	EndGlobalSection
	GlobalSection(ProjectConfigurationPlatforms) = postSolution
		{F06EAC7B-6996-4E78-B045-0DF6ED201367}.Debug|x64.ActiveCfg = Debug|x64
		{F06EAC7B-6996-4E78-B045-0DF6ED201367}.Debug|x64.Build.0 = Debug|x64
		{F06EAC7B-6996-4E78-B045-0DF6ED201367}.Debug|x86.ActiveCfg = Debug|Win32
		{F06EAC7B-6996-4E78-B045-0DF6ED201367}.Debug|x86.Build.0 = Debug|Win32
		{F06EAC7B-6996-4E78-B045-0DF6ED201367}.Release|x64.ActiveCfg = Release|x64
		{F06EAC7B-6996-4E78-B045-0DF6ED201367}.Release|x64.Build.0 = Release|x64
		{F06EAC7B-6996-4E78-B045-0DF6ED201367}.Release|x86.ActiveCfg = Release|Win32
		{F06EAC7B-6996-4E78-B045-0DF6ED201367}.Release|x86.Build.0 = Release|Win32
	EndGlobalSection
	GlobalSection(SolutionProperties) = preSolution
		HideSolutionNode = FALSE
	EndGlobalSection
	GlobalSection(ExtensibilityGlobals) = postSolution
		SolutionGuid = {349033D5-C52E-4CD9-AA4F-1B18B82698A4}
	EndGlobalSection
EndGlobal
