
Microsoft Visual Studio Solution File, Format Version 12.00
# Visual Studio Version 16
VisualStudioVersion = 16.0.33423.256
MinimumVisualStudioVersion = 10.0.40219.1
Project("{8BC9CEB8-8B4A-11D0-8D11-00A0C91BC942}") = "direct_syscall_dropper_1", "direct_syscall_dropper_1\direct_syscall_dropper_1.vcxproj", "{1BE02E98-7B9B-4C3F-B314-9FC1DDDD27F8}"
EndProject
Global
	GlobalSection(SolutionConfigurationPlatforms) = preSolution
		Debug|x64 = Debug|x64
		Debug|x86 = Debug|x86
		Release|x64 = Release|x64
		Release|x86 = Release|x86
	EndGlobalSection
	GlobalSection(ProjectConfigurationPlatforms) = postSolution
		{1BE02E98-7B9B-4C3F-B314-9FC1DDDD27F8}.Debug|x64.ActiveCfg = Debug|x64
		{1BE02E98-7B9B-4C3F-B314-9FC1DDDD27F8}.Debug|x64.Build.0 = Debug|x64
		{1BE02E98-7B9B-4C3F-B314-9FC1DDDD27F8}.Debug|x86.ActiveCfg = Debug|Win32
		{1BE02E98-7B9B-4C3F-B314-9FC1DDDD27F8}.Debug|x86.Build.0 = Debug|Win32
		{1BE02E98-7B9B-4C3F-B314-9FC1DDDD27F8}.Release|x64.ActiveCfg = Release|x64
		{1BE02E98-7B9B-4C3F-B314-9FC1DDDD27F8}.Release|x64.Build.0 = Release|x64
		{1BE02E98-7B9B-4C3F-B314-9FC1DDDD27F8}.Release|x86.ActiveCfg = Release|Win32
		{1BE02E98-7B9B-4C3F-B314-9FC1DDDD27F8}.Release|x86.Build.0 = Release|Win32
	EndGlobalSection
	GlobalSection(SolutionProperties) = preSolution
		HideSolutionNode = FALSE
	EndGlobalSection
	GlobalSection(ExtensibilityGlobals) = postSolution
		SolutionGuid = {55F697F8-EE56-437B-83B5-B4AB24340EDF}
	EndGlobalSection
EndGlobal
