
Microsoft Visual Studio Solution File, Format Version 12.00
# Visual Studio Version 16
VisualStudioVersion = 16.0.33423.256
MinimumVisualStudioVersion = 10.0.40219.1
Project("{8BC9CEB8-8B4A-11D0-8D11-00A0C91BC942}") = "high_level_dropper", "high_level_dropper\high_level_dropper.vcxproj", "{ACABBA4F-6DB9-44E6-9C1F-8C65520D5979}"
EndProject
Global
	GlobalSection(SolutionConfigurationPlatforms) = preSolution
		Debug|x64 = Debug|x64
		Debug|x86 = Debug|x86
		Release|x64 = Release|x64
		Release|x86 = Release|x86
	EndGlobalSection
	GlobalSection(ProjectConfigurationPlatforms) = postSolution
		{ACABBA4F-6DB9-44E6-9C1F-8C65520D5979}.Debug|x64.ActiveCfg = Debug|x64
		{ACABBA4F-6DB9-44E6-9C1F-8C65520D5979}.Debug|x64.Build.0 = Debug|x64
		{ACABBA4F-6DB9-44E6-9C1F-8C65520D5979}.Debug|x86.ActiveCfg = Debug|Win32
		{ACABBA4F-6DB9-44E6-9C1F-8C65520D5979}.Debug|x86.Build.0 = Debug|Win32
		{ACABBA4F-6DB9-44E6-9C1F-8C65520D5979}.Release|x64.ActiveCfg = Release|x64
		{ACABBA4F-6DB9-44E6-9C1F-8C65520D5979}.Release|x64.Build.0 = Release|x64
		{ACABBA4F-6DB9-44E6-9C1F-8C65520D5979}.Release|x86.ActiveCfg = Release|Win32
		{ACABBA4F-6DB9-44E6-9C1F-8C65520D5979}.Release|x86.Build.0 = Release|Win32
	EndGlobalSection
	GlobalSection(SolutionProperties) = preSolution
		HideSolutionNode = FALSE
	EndGlobalSection
	GlobalSection(ExtensibilityGlobals) = postSolution
		SolutionGuid = {BBB4D2B5-6DF0-478F-B455-742F7AEBEA2E}
	EndGlobalSection
EndGlobal
