
Microsoft Visual Studio Solution File, Format Version 12.00
# Visual Studio Version 16
VisualStudioVersion = 16.0.29920.165
MinimumVisualStudioVersion = 10.0.40219.1
Project("{8BC9CEB8-8B4A-11D0-8D11-00A0C91BC942}") = "Sample", "Sample.vcxproj", "{E417A056-9215-4325-9629-C85464402C75}"
EndProject
Global
	GlobalSection(SolutionConfigurationPlatforms) = preSolution
		Debug|x64 = Debug|x64
		Debug|x86 = Debug|x86
		Release|x64 = Release|x64
		Release|x86 = Release|x86
	EndGlobalSection
	GlobalSection(ProjectConfigurationPlatforms) = postSolution
		{E417A056-9215-4325-9629-C85464402C75}.Debug|x64.ActiveCfg = Debug|x64
		{E417A056-9215-4325-9629-C85464402C75}.Debug|x64.Build.0 = Debug|x64
		{E417A056-9215-4325-9629-C85464402C75}.Debug|x86.ActiveCfg = Debug|Win32
		{E417A056-9215-4325-9629-C85464402C75}.Debug|x86.Build.0 = Debug|Win32
		{E417A056-9215-4325-9629-C85464402C75}.Release|x64.ActiveCfg = Release|x64
		{E417A056-9215-4325-9629-C85464402C75}.Release|x64.Build.0 = Release|x64
		{E417A056-9215-4325-9629-C85464402C75}.Release|x86.ActiveCfg = Release|Win32
		{E417A056-9215-4325-9629-C85464402C75}.Release|x86.Build.0 = Release|Win32
	EndGlobalSection
	GlobalSection(SolutionProperties) = preSolution
		HideSolutionNode = FALSE
	EndGlobalSection
	GlobalSection(ExtensibilityGlobals) = postSolution
		SolutionGuid = {6BC8154B-26FE-4B3B-86C6-E0C7E79B2FB4}
	EndGlobalSection
EndGlobal
