
Microsoft Visual Studio Solution File, Format Version 12.00
# Visual Studio Version 17
VisualStudioVersion = 17.6.33815.320
MinimumVisualStudioVersion = 10.0.40219.1
Project("{8BC9CEB8-8B4A-11D0-8D11-00A0C91BC942}") = "Win32API-Loader", "Win32API-Loader\Win32API-Loader.vcxproj", "{96DD84F5-027D-4BF3-871F-0A5502A527E5}"
EndProject
Global
	GlobalSection(SolutionConfigurationPlatforms) = preSolution
		Debug|x64 = Debug|x64
		Debug|x86 = Debug|x86
		Release|x64 = Release|x64
		Release|x86 = Release|x86
	EndGlobalSection
	GlobalSection(ProjectConfigurationPlatforms) = postSolution
		{96DD84F5-027D-4BF3-871F-0A5502A527E5}.Debug|x64.ActiveCfg = Debug|x64
		{96DD84F5-027D-4BF3-871F-0A5502A527E5}.Debug|x64.Build.0 = Debug|x64
		{96DD84F5-027D-4BF3-871F-0A5502A527E5}.Debug|x86.ActiveCfg = Debug|Win32
		{96DD84F5-027D-4BF3-871F-0A5502A527E5}.Debug|x86.Build.0 = Debug|Win32
		{96DD84F5-027D-4BF3-871F-0A5502A527E5}.Release|x64.ActiveCfg = Release|x64
		{96DD84F5-027D-4BF3-871F-0A5502A527E5}.Release|x64.Build.0 = Release|x64
		{96DD84F5-027D-4BF3-871F-0A5502A527E5}.Release|x86.ActiveCfg = Release|Win32
		{96DD84F5-027D-4BF3-871F-0A5502A527E5}.Release|x86.Build.0 = Release|Win32
	EndGlobalSection
	GlobalSection(SolutionProperties) = preSolution
		HideSolutionNode = FALSE
	EndGlobalSection
	GlobalSection(ExtensibilityGlobals) = postSolution
		SolutionGuid = {26A246BD-55A3-408F-B4B3-13A564B88561}
	EndGlobalSection
EndGlobal
